// !$*UTF8*$!
{
	archiveVersion = 1;
	classes = {
	};
	objectVersion = 51;
	objects = {

/* Begin PBXBuildFile section */
		65091C4425197E2900B94E06 /* NetworkExtension.framework in Frameworks */ = {isa = PBXBuildFile; fileRef = 65091C4325197E2900B94E06 /* NetworkExtension.framework */; };
		650B930325088293002017BE /* GaugeViewFloat.swift in Sources */ = {isa = PBXBuildFile; fileRef = 650B930225088293002017BE /* GaugeViewFloat.swift */; };
		650B9305250882B4002017BE /* GaugeView.swift in Sources */ = {isa = PBXBuildFile; fileRef = 650B9304250882B4002017BE /* GaugeView.swift */; };
		6513E8A3251AE0DF00C77214 /* PageViewController.swift in Sources */ = {isa = PBXBuildFile; fileRef = 6513E8A2251AE0DF00C77214 /* PageViewController.swift */; };
		655CC3A8250A5A9200A0D6D0 /* modbus-tcp.c in Sources */ = {isa = PBXBuildFile; fileRef = 655CC39F250A5A9200A0D6D0 /* modbus-tcp.c */; };
		655CC3A9250A5A9200A0D6D0 /* modbus-version.h.in in Resources */ = {isa = PBXBuildFile; fileRef = 655CC3A1250A5A9200A0D6D0 /* modbus-version.h.in */; };
		655CC3AA250A5A9200A0D6D0 /* modbus-rtu.c in Sources */ = {isa = PBXBuildFile; fileRef = 655CC3A4250A5A9200A0D6D0 /* modbus-rtu.c */; };
		655CC3AB250A5A9200A0D6D0 /* modbus-data.c in Sources */ = {isa = PBXBuildFile; fileRef = 655CC3A6250A5A9200A0D6D0 /* modbus-data.c */; };
		655CC3AC250A5A9200A0D6D0 /* modbus.c in Sources */ = {isa = PBXBuildFile; fileRef = 655CC3A7250A5A9200A0D6D0 /* modbus.c */; };
		657A8D362506AE4B006B2BD0 /* AppDelegate.swift in Sources */ = {isa = PBXBuildFile; fileRef = 657A8D352506AE4B006B2BD0 /* AppDelegate.swift */; };
		657A8D382506AE4B006B2BD0 /* SceneDelegate.swift in Sources */ = {isa = PBXBuildFile; fileRef = 657A8D372506AE4B006B2BD0 /* SceneDelegate.swift */; };
		657A8D3A2506AE4B006B2BD0 /* ViewController.swift in Sources */ = {isa = PBXBuildFile; fileRef = 657A8D392506AE4B006B2BD0 /* ViewController.swift */; };
		657A8D3D2506AE4B006B2BD0 /* Main.storyboard in Resources */ = {isa = PBXBuildFile; fileRef = 657A8D3B2506AE4B006B2BD0 /* Main.storyboard */; };
		657A8D3F2506AE4E006B2BD0 /* Assets.xcassets in Resources */ = {isa = PBXBuildFile; fileRef = 657A8D3E2506AE4E006B2BD0 /* Assets.xcassets */; };
		657A8D642506B2B0006B2BD0 /* SwiftLibModbus.swift in Sources */ = {isa = PBXBuildFile; fileRef = 657A8D632506B2B0006B2BD0 /* SwiftLibModbus.swift */; };
		658199592509166C00BAB8C7 /* ClassicMonitor-Settings.swift in Sources */ = {isa = PBXBuildFile; fileRef = 658199582509166C00BAB8C7 /* ClassicMonitor-Settings.swift */; };
		658EB55C250AF5D20071D8FA /* Reachability.swift in Sources */ = {isa = PBXBuildFile; fileRef = 658EB55B250AF5D20071D8FA /* Reachability.swift */; };
		658EC243250C8F4000F1ACAF /* DetectDeviceViewController.swift in Sources */ = {isa = PBXBuildFile; fileRef = 658EC242250C8F4000F1ACAF /* DetectDeviceViewController.swift */; };
		658EC249250CED4A00F1ACAF /* Signal.swift in Sources */ = {isa = PBXBuildFile; fileRef = 658EC248250CED4A00F1ACAF /* Signal.swift */; };
		658EC24D250D4A4400F1ACAF /* DetectDeviceViewCell.swift in Sources */ = {isa = PBXBuildFile; fileRef = 658EC24C250D4A4400F1ACAF /* DetectDeviceViewCell.swift */; };
		658EC25025101E9700F1ACAF /* ClassicDeviceLists.swift in Sources */ = {isa = PBXBuildFile; fileRef = 658EC24F25101E9700F1ACAF /* ClassicDeviceLists.swift */; };
		658EC25225102C6C00F1ACAF /* NothingFoundCell.xib in Resources */ = {isa = PBXBuildFile; fileRef = 658EC25125102C6C00F1ACAF /* NothingFoundCell.xib */; };
		65A04DC52513941400E9ABDB /* DataManager.swift in Sources */ = {isa = PBXBuildFile; fileRef = 65A04DC42513941400E9ABDB /* DataManager.swift */; };
		65A3887E2512A45B00379D78 /* ClassicData.xcdatamodeld in Sources */ = {isa = PBXBuildFile; fileRef = 65A3887C2512A45B00379D78 /* ClassicData.xcdatamodeld */; };
		65B44D412509ACEE0079A3C8 /* LaunchScreen.storyboard in Resources */ = {isa = PBXBuildFile; fileRef = 65B44D402509ACEE0079A3C8 /* LaunchScreen.storyboard */; };
		65DA6786251C129000C4962E /* MQTTData.swift in Sources */ = {isa = PBXBuildFile; fileRef = 65DA6785251C129000C4962E /* MQTTData.swift */; };
		A4F78B4298D572731A394381 /* Pods_Classic.framework in Frameworks */ = {isa = PBXBuildFile; fileRef = DA99D76AF696B0065EA3DE99 /* Pods_Classic.framework */; };
/* End PBXBuildFile section */

/* Begin PBXFileReference section */
		47E5A8D95641E141F34489A4 /* Pods-Classic.debug.xcconfig */ = {isa = PBXFileReference; includeInIndex = 1; lastKnownFileType = text.xcconfig; name = "Pods-Classic.debug.xcconfig"; path = "Target Support Files/Pods-Classic/Pods-Classic.debug.xcconfig"; sourceTree = "<group>"; };
		65091C4325197E2900B94E06 /* NetworkExtension.framework */ = {isa = PBXFileReference; lastKnownFileType = wrapper.framework; name = NetworkExtension.framework; path = System/Library/Frameworks/NetworkExtension.framework; sourceTree = SDKROOT; };
		650B930225088293002017BE /* GaugeViewFloat.swift */ = {isa = PBXFileReference; lastKnownFileType = sourcecode.swift; path = GaugeViewFloat.swift; sourceTree = "<group>"; };
		650B9304250882B4002017BE /* GaugeView.swift */ = {isa = PBXFileReference; lastKnownFileType = sourcecode.swift; path = GaugeView.swift; sourceTree = "<group>"; };
		6513E8A2251AE0DF00C77214 /* PageViewController.swift */ = {isa = PBXFileReference; lastKnownFileType = sourcecode.swift; path = PageViewController.swift; sourceTree = "<group>"; };
		655536892508597700B7DE1B /* Classic.entitlements */ = {isa = PBXFileReference; lastKnownFileType = text.plist.entitlements; path = Classic.entitlements; sourceTree = "<group>"; };
		655CC39D250A5A9100A0D6D0 /* modbus-rtu-private.h */ = {isa = PBXFileReference; fileEncoding = 4; lastKnownFileType = sourcecode.c.h; path = "modbus-rtu-private.h"; sourceTree = "<group>"; };
		655CC39E250A5A9100A0D6D0 /* modbus-tcp-private.h */ = {isa = PBXFileReference; fileEncoding = 4; lastKnownFileType = sourcecode.c.h; path = "modbus-tcp-private.h"; sourceTree = "<group>"; };
		655CC39F250A5A9200A0D6D0 /* modbus-tcp.c */ = {isa = PBXFileReference; fileEncoding = 4; lastKnownFileType = sourcecode.c.c; path = "modbus-tcp.c"; sourceTree = "<group>"; };
		655CC3A0250A5A9200A0D6D0 /* modbus-tcp.h */ = {isa = PBXFileReference; fileEncoding = 4; lastKnownFileType = sourcecode.c.h; path = "modbus-tcp.h"; sourceTree = "<group>"; };
		655CC3A1250A5A9200A0D6D0 /* modbus-version.h.in */ = {isa = PBXFileReference; fileEncoding = 4; lastKnownFileType = text; path = "modbus-version.h.in"; sourceTree = "<group>"; };
		655CC3A2250A5A9200A0D6D0 /* modbus-private.h */ = {isa = PBXFileReference; fileEncoding = 4; lastKnownFileType = sourcecode.c.h; path = "modbus-private.h"; sourceTree = "<group>"; };
		655CC3A3250A5A9200A0D6D0 /* modbus.h */ = {isa = PBXFileReference; fileEncoding = 4; lastKnownFileType = sourcecode.c.h; path = modbus.h; sourceTree = "<group>"; };
		655CC3A4250A5A9200A0D6D0 /* modbus-rtu.c */ = {isa = PBXFileReference; fileEncoding = 4; lastKnownFileType = sourcecode.c.c; path = "modbus-rtu.c"; sourceTree = "<group>"; };
		655CC3A5250A5A9200A0D6D0 /* modbus-rtu.h */ = {isa = PBXFileReference; fileEncoding = 4; lastKnownFileType = sourcecode.c.h; path = "modbus-rtu.h"; sourceTree = "<group>"; };
		655CC3A6250A5A9200A0D6D0 /* modbus-data.c */ = {isa = PBXFileReference; fileEncoding = 4; lastKnownFileType = sourcecode.c.c; path = "modbus-data.c"; sourceTree = "<group>"; };
		655CC3A7250A5A9200A0D6D0 /* modbus.c */ = {isa = PBXFileReference; fileEncoding = 4; lastKnownFileType = sourcecode.c.c; path = modbus.c; sourceTree = "<group>"; };
		657A8D322506AE4B006B2BD0 /* Classic Monitor.app */ = {isa = PBXFileReference; explicitFileType = wrapper.application; includeInIndex = 0; path = "Classic Monitor.app"; sourceTree = BUILT_PRODUCTS_DIR; };
		657A8D352506AE4B006B2BD0 /* AppDelegate.swift */ = {isa = PBXFileReference; lastKnownFileType = sourcecode.swift; path = AppDelegate.swift; sourceTree = "<group>"; };
		657A8D372506AE4B006B2BD0 /* SceneDelegate.swift */ = {isa = PBXFileReference; lastKnownFileType = sourcecode.swift; path = SceneDelegate.swift; sourceTree = "<group>"; };
		657A8D392506AE4B006B2BD0 /* ViewController.swift */ = {isa = PBXFileReference; lastKnownFileType = sourcecode.swift; path = ViewController.swift; sourceTree = "<group>"; };
		657A8D3C2506AE4B006B2BD0 /* Base */ = {isa = PBXFileReference; lastKnownFileType = file.storyboard; name = Base; path = Base.lproj/Main.storyboard; sourceTree = "<group>"; };
		657A8D3E2506AE4E006B2BD0 /* Assets.xcassets */ = {isa = PBXFileReference; lastKnownFileType = folder.assetcatalog; path = Assets.xcassets; sourceTree = "<group>"; };
		657A8D432506AE4E006B2BD0 /* Info.plist */ = {isa = PBXFileReference; lastKnownFileType = text.plist.xml; path = Info.plist; sourceTree = "<group>"; };
		657A8D522506B271006B2BD0 /* config.h */ = {isa = PBXFileReference; lastKnownFileType = sourcecode.c.h; path = config.h; sourceTree = "<group>"; };
		657A8D532506B27D006B2BD0 /* Classic-Bridging-Header.h */ = {isa = PBXFileReference; lastKnownFileType = sourcecode.c.h; path = "Classic-Bridging-Header.h"; sourceTree = "<group>"; };
		657A8D5F2506B292006B2BD0 /* modbus-version.h */ = {isa = PBXFileReference; fileEncoding = 4; lastKnownFileType = sourcecode.c.h; path = "modbus-version.h"; sourceTree = "<group>"; };
		657A8D632506B2B0006B2BD0 /* SwiftLibModbus.swift */ = {isa = PBXFileReference; fileEncoding = 4; lastKnownFileType = sourcecode.swift; path = SwiftLibModbus.swift; sourceTree = "<group>"; };
		658199582509166C00BAB8C7 /* ClassicMonitor-Settings.swift */ = {isa = PBXFileReference; lastKnownFileType = sourcecode.swift; path = "ClassicMonitor-Settings.swift"; sourceTree = "<group>"; };
		658EB55B250AF5D20071D8FA /* Reachability.swift */ = {isa = PBXFileReference; lastKnownFileType = sourcecode.swift; path = Reachability.swift; sourceTree = "<group>"; };
		658EC242250C8F4000F1ACAF /* DetectDeviceViewController.swift */ = {isa = PBXFileReference; lastKnownFileType = sourcecode.swift; path = DetectDeviceViewController.swift; sourceTree = "<group>"; };
		658EC248250CED4A00F1ACAF /* Signal.swift */ = {isa = PBXFileReference; lastKnownFileType = sourcecode.swift; path = Signal.swift; sourceTree = "<group>"; };
		658EC24C250D4A4400F1ACAF /* DetectDeviceViewCell.swift */ = {isa = PBXFileReference; lastKnownFileType = sourcecode.swift; path = DetectDeviceViewCell.swift; sourceTree = "<group>"; };
		658EC24F25101E9700F1ACAF /* ClassicDeviceLists.swift */ = {isa = PBXFileReference; lastKnownFileType = sourcecode.swift; path = ClassicDeviceLists.swift; sourceTree = "<group>"; };
		658EC25125102C6C00F1ACAF /* NothingFoundCell.xib */ = {isa = PBXFileReference; fileEncoding = 4; lastKnownFileType = file.xib; path = NothingFoundCell.xib; sourceTree = "<group>"; };
		65A04DC42513941400E9ABDB /* DataManager.swift */ = {isa = PBXFileReference; lastKnownFileType = sourcecode.swift; path = DataManager.swift; sourceTree = "<group>"; };
		65A3887D2512A45B00379D78 /* ClassicData.xcdatamodel */ = {isa = PBXFileReference; lastKnownFileType = wrapper.xcdatamodel; path = ClassicData.xcdatamodel; sourceTree = "<group>"; };
		65B44D402509ACEE0079A3C8 /* LaunchScreen.storyboard */ = {isa = PBXFileReference; fileEncoding = 4; lastKnownFileType = file.storyboard; path = LaunchScreen.storyboard; sourceTree = "<group>"; };
		65DA6785251C129000C4962E /* MQTTData.swift */ = {isa = PBXFileReference; lastKnownFileType = sourcecode.swift; path = MQTTData.swift; sourceTree = "<group>"; };
		DA99D76AF696B0065EA3DE99 /* Pods_Classic.framework */ = {isa = PBXFileReference; explicitFileType = wrapper.framework; includeInIndex = 0; path = Pods_Classic.framework; sourceTree = BUILT_PRODUCTS_DIR; };
		FF6CFEDBAC207EAB6F59AD3B /* Pods-Classic.release.xcconfig */ = {isa = PBXFileReference; includeInIndex = 1; lastKnownFileType = text.xcconfig; name = "Pods-Classic.release.xcconfig"; path = "Target Support Files/Pods-Classic/Pods-Classic.release.xcconfig"; sourceTree = "<group>"; };
/* End PBXFileReference section */

/* Begin PBXFrameworksBuildPhase section */
		657A8D2F2506AE4B006B2BD0 /* Frameworks */ = {
			isa = PBXFrameworksBuildPhase;
			buildActionMask = 2147483647;
			files = (
				A4F78B4298D572731A394381 /* Pods_Classic.framework in Frameworks */,
				65091C4425197E2900B94E06 /* NetworkExtension.framework in Frameworks */,
			);
			runOnlyForDeploymentPostprocessing = 0;
		};
/* End PBXFrameworksBuildPhase section */

/* Begin PBXGroup section */
		2CC1C9C88EDEA58B3DF7F315 /* Pods */ = {
			isa = PBXGroup;
			children = (
				47E5A8D95641E141F34489A4 /* Pods-Classic.debug.xcconfig */,
				FF6CFEDBAC207EAB6F59AD3B /* Pods-Classic.release.xcconfig */,
			);
			path = Pods;
			sourceTree = "<group>";
		};
		650B930125088270002017BE /* LMGaugeViewSwift */ = {
			isa = PBXGroup;
			children = (
				650B930225088293002017BE /* GaugeViewFloat.swift */,
				650B9304250882B4002017BE /* GaugeView.swift */,
			);
			path = LMGaugeViewSwift;
			sourceTree = "<group>";
		};
		657A8D292506AE4B006B2BD0 = {
			isa = PBXGroup;
			children = (
				657A8D342506AE4B006B2BD0 /* Classic */,
				657A8D332506AE4B006B2BD0 /* Products */,
				2CC1C9C88EDEA58B3DF7F315 /* Pods */,
				9D587FA22DCFA06E138848F5 /* Frameworks */,
			);
			sourceTree = "<group>";
		};
		657A8D332506AE4B006B2BD0 /* Products */ = {
			isa = PBXGroup;
			children = (
				657A8D322506AE4B006B2BD0 /* Classic Monitor.app */,
			);
			name = Products;
			sourceTree = "<group>";
		};
		657A8D342506AE4B006B2BD0 /* Classic */ = {
			isa = PBXGroup;
			children = (
				65A04DC3251393F100E9ABDB /* DataManager */,
				65A3887B2512A42B00379D78 /* CoreData */,
				658EC24E25101E8200F1ACAF /* Models */,
				655536892508597700B7DE1B /* Classic.entitlements */,
				657A8D512506B25D006B2BD0 /* ModBusLibs */,
				650B930125088270002017BE /* LMGaugeViewSwift */,
				658EC24A250D3AE300F1ACAF /* Cells */,
				658EC24B250D49D600F1ACAF /* ViewControllers */,
				657A8D352506AE4B006B2BD0 /* AppDelegate.swift */,
				657A8D632506B2B0006B2BD0 /* SwiftLibModbus.swift */,
				657A8D372506AE4B006B2BD0 /* SceneDelegate.swift */,
				657A8D3B2506AE4B006B2BD0 /* Main.storyboard */,
				657A8D3E2506AE4E006B2BD0 /* Assets.xcassets */,
				65B44D402509ACEE0079A3C8 /* LaunchScreen.storyboard */,
				657A8D432506AE4E006B2BD0 /* Info.plist */,
				658EB55B250AF5D20071D8FA /* Reachability.swift */,
				658EC248250CED4A00F1ACAF /* Signal.swift */,
				658199582509166C00BAB8C7 /* ClassicMonitor-Settings.swift */,
			);
			path = Classic;
			sourceTree = "<group>";
		};
		657A8D512506B25D006B2BD0 /* ModBusLibs */ = {
			isa = PBXGroup;
			children = (
				657A8D522506B271006B2BD0 /* config.h */,
				657A8D532506B27D006B2BD0 /* Classic-Bridging-Header.h */,
				657A8D5F2506B292006B2BD0 /* modbus-version.h */,
				655CC3A6250A5A9200A0D6D0 /* modbus-data.c */,
				655CC3A2250A5A9200A0D6D0 /* modbus-private.h */,
				655CC39D250A5A9100A0D6D0 /* modbus-rtu-private.h */,
				655CC3A4250A5A9200A0D6D0 /* modbus-rtu.c */,
				655CC3A5250A5A9200A0D6D0 /* modbus-rtu.h */,
				655CC39E250A5A9100A0D6D0 /* modbus-tcp-private.h */,
				655CC39F250A5A9200A0D6D0 /* modbus-tcp.c */,
				655CC3A0250A5A9200A0D6D0 /* modbus-tcp.h */,
				655CC3A1250A5A9200A0D6D0 /* modbus-version.h.in */,
				655CC3A7250A5A9200A0D6D0 /* modbus.c */,
				655CC3A3250A5A9200A0D6D0 /* modbus.h */,
			);
			path = ModBusLibs;
			sourceTree = "<group>";
		};
		658EC24A250D3AE300F1ACAF /* Cells */ = {
			isa = PBXGroup;
			children = (
				658EC25125102C6C00F1ACAF /* NothingFoundCell.xib */,
				658EC24C250D4A4400F1ACAF /* DetectDeviceViewCell.swift */,
			);
			path = Cells;
			sourceTree = "<group>";
		};
		658EC24B250D49D600F1ACAF /* ViewControllers */ = {
			isa = PBXGroup;
			children = (
				657A8D392506AE4B006B2BD0 /* ViewController.swift */,
				658EC242250C8F4000F1ACAF /* DetectDeviceViewController.swift */,
				6513E8A2251AE0DF00C77214 /* PageViewController.swift */,
			);
			path = ViewControllers;
			sourceTree = "<group>";
		};
		658EC24E25101E8200F1ACAF /* Models */ = {
			isa = PBXGroup;
			children = (
				658EC24F25101E9700F1ACAF /* ClassicDeviceLists.swift */,
				65DA6785251C129000C4962E /* MQTTData.swift */,
			);
			path = Models;
			sourceTree = "<group>";
		};
		65A04DC3251393F100E9ABDB /* DataManager */ = {
			isa = PBXGroup;
			children = (
				65A04DC42513941400E9ABDB /* DataManager.swift */,
			);
			path = DataManager;
			sourceTree = "<group>";
		};
		65A3887B2512A42B00379D78 /* CoreData */ = {
			isa = PBXGroup;
			children = (
				65A3887C2512A45B00379D78 /* ClassicData.xcdatamodeld */,
			);
			path = CoreData;
			sourceTree = "<group>";
		};
		9D587FA22DCFA06E138848F5 /* Frameworks */ = {
			isa = PBXGroup;
			children = (
				65091C4325197E2900B94E06 /* NetworkExtension.framework */,
				DA99D76AF696B0065EA3DE99 /* Pods_Classic.framework */,
			);
			name = Frameworks;
			sourceTree = "<group>";
		};
/* End PBXGroup section */

/* Begin PBXNativeTarget section */
		657A8D312506AE4B006B2BD0 /* Classic */ = {
			isa = PBXNativeTarget;
			buildConfigurationList = 657A8D462506AE4E006B2BD0 /* Build configuration list for PBXNativeTarget "Classic" */;
			buildPhases = (
				A46E459198939B7695764870 /* [CP] Check Pods Manifest.lock */,
				657A8D2E2506AE4B006B2BD0 /* Sources */,
				657A8D2F2506AE4B006B2BD0 /* Frameworks */,
				657A8D302506AE4B006B2BD0 /* Resources */,
				59FD21213BCF9FBB9968227D /* [CP] Embed Pods Frameworks */,
			);
			buildRules = (
			);
			dependencies = (
			);
			name = Classic;
			productName = Classic;
			productReference = 657A8D322506AE4B006B2BD0 /* Classic Monitor.app */;
			productType = "com.apple.product-type.application";
		};
/* End PBXNativeTarget section */

/* Begin PBXProject section */
		657A8D2A2506AE4B006B2BD0 /* Project object */ = {
			isa = PBXProject;
			attributes = {
				LastSwiftUpdateCheck = 1160;
				LastUpgradeCheck = 1200;
				ORGANIZATIONNAME = "Urayoan Miranda";
				TargetAttributes = {
					657A8D312506AE4B006B2BD0 = {
						CreatedOnToolsVersion = 11.6;
						LastSwiftMigration = 1160;
					};
				};
			};
			buildConfigurationList = 657A8D2D2506AE4B006B2BD0 /* Build configuration list for PBXProject "Classic" */;
			compatibilityVersion = "Xcode 9.3";
			developmentRegion = en;
			hasScannedForEncodings = 0;
			knownRegions = (
				en,
				Base,
			);
			mainGroup = 657A8D292506AE4B006B2BD0;
			productRefGroup = 657A8D332506AE4B006B2BD0 /* Products */;
			projectDirPath = "";
			projectRoot = "";
			targets = (
				657A8D312506AE4B006B2BD0 /* Classic */,
			);
		};
/* End PBXProject section */

/* Begin PBXResourcesBuildPhase section */
		657A8D302506AE4B006B2BD0 /* Resources */ = {
			isa = PBXResourcesBuildPhase;
			buildActionMask = 2147483647;
			files = (
				65B44D412509ACEE0079A3C8 /* LaunchScreen.storyboard in Resources */,
				657A8D3F2506AE4E006B2BD0 /* Assets.xcassets in Resources */,
				657A8D3D2506AE4B006B2BD0 /* Main.storyboard in Resources */,
				658EC25225102C6C00F1ACAF /* NothingFoundCell.xib in Resources */,
				655CC3A9250A5A9200A0D6D0 /* modbus-version.h.in in Resources */,
			);
			runOnlyForDeploymentPostprocessing = 0;
		};
/* End PBXResourcesBuildPhase section */

/* Begin PBXShellScriptBuildPhase section */
		59FD21213BCF9FBB9968227D /* [CP] Embed Pods Frameworks */ = {
			isa = PBXShellScriptBuildPhase;
			buildActionMask = 2147483647;
			files = (
			);
			inputFileListPaths = (
				"${PODS_ROOT}/Target Support Files/Pods-Classic/Pods-Classic-frameworks-${CONFIGURATION}-input-files.xcfilelist",
			);
			name = "[CP] Embed Pods Frameworks";
			outputFileListPaths = (
				"${PODS_ROOT}/Target Support Files/Pods-Classic/Pods-Classic-frameworks-${CONFIGURATION}-output-files.xcfilelist",
			);
			runOnlyForDeploymentPostprocessing = 0;
			shellPath = /bin/sh;
			shellScript = "\"${PODS_ROOT}/Target Support Files/Pods-Classic/Pods-Classic-frameworks.sh\"\n";
			showEnvVarsInLog = 0;
		};
		A46E459198939B7695764870 /* [CP] Check Pods Manifest.lock */ = {
			isa = PBXShellScriptBuildPhase;
			buildActionMask = 2147483647;
			files = (
			);
			inputFileListPaths = (
			);
			inputPaths = (
				"${PODS_PODFILE_DIR_PATH}/Podfile.lock",
				"${PODS_ROOT}/Manifest.lock",
			);
			name = "[CP] Check Pods Manifest.lock";
			outputFileListPaths = (
			);
			outputPaths = (
				"$(DERIVED_FILE_DIR)/Pods-Classic-checkManifestLockResult.txt",
			);
			runOnlyForDeploymentPostprocessing = 0;
			shellPath = /bin/sh;
			shellScript = "diff \"${PODS_PODFILE_DIR_PATH}/Podfile.lock\" \"${PODS_ROOT}/Manifest.lock\" > /dev/null\nif [ $? != 0 ] ; then\n    # print error to STDERR\n    echo \"error: The sandbox is not in sync with the Podfile.lock. Run 'pod install' or update your CocoaPods installation.\" >&2\n    exit 1\nfi\n# This output is used by Xcode 'outputs' to avoid re-running this script phase.\necho \"SUCCESS\" > \"${SCRIPT_OUTPUT_FILE_0}\"\n";
			showEnvVarsInLog = 0;
		};
/* End PBXShellScriptBuildPhase section */

/* Begin PBXSourcesBuildPhase section */
		657A8D2E2506AE4B006B2BD0 /* Sources */ = {
			isa = PBXSourcesBuildPhase;
			buildActionMask = 2147483647;
			files = (
				650B9305250882B4002017BE /* GaugeView.swift in Sources */,
				65DA6786251C129000C4962E /* MQTTData.swift in Sources */,
				658EC249250CED4A00F1ACAF /* Signal.swift in Sources */,
				65A3887E2512A45B00379D78 /* ClassicData.xcdatamodeld in Sources */,
				655CC3AB250A5A9200A0D6D0 /* modbus-data.c in Sources */,
				658EB55C250AF5D20071D8FA /* Reachability.swift in Sources */,
				657A8D3A2506AE4B006B2BD0 /* ViewController.swift in Sources */,
				655CC3AC250A5A9200A0D6D0 /* modbus.c in Sources */,
				658EC243250C8F4000F1ACAF /* DetectDeviceViewController.swift in Sources */,
				655CC3AA250A5A9200A0D6D0 /* modbus-rtu.c in Sources */,
				658199592509166C00BAB8C7 /* ClassicMonitor-Settings.swift in Sources */,
				6513E8A3251AE0DF00C77214 /* PageViewController.swift in Sources */,
				655CC3A8250A5A9200A0D6D0 /* modbus-tcp.c in Sources */,
				658EC24D250D4A4400F1ACAF /* DetectDeviceViewCell.swift in Sources */,
				658EC25025101E9700F1ACAF /* ClassicDeviceLists.swift in Sources */,
				65A04DC52513941400E9ABDB /* DataManager.swift in Sources */,
				657A8D362506AE4B006B2BD0 /* AppDelegate.swift in Sources */,
				650B930325088293002017BE /* GaugeViewFloat.swift in Sources */,
				657A8D382506AE4B006B2BD0 /* SceneDelegate.swift in Sources */,
				657A8D642506B2B0006B2BD0 /* SwiftLibModbus.swift in Sources */,
			);
			runOnlyForDeploymentPostprocessing = 0;
		};
/* End PBXSourcesBuildPhase section */

/* Begin PBXVariantGroup section */
		657A8D3B2506AE4B006B2BD0 /* Main.storyboard */ = {
			isa = PBXVariantGroup;
			children = (
				657A8D3C2506AE4B006B2BD0 /* Base */,
			);
			name = Main.storyboard;
			sourceTree = "<group>";
		};
/* End PBXVariantGroup section */

/* Begin XCBuildConfiguration section */
		657A8D442506AE4E006B2BD0 /* Debug */ = {
			isa = XCBuildConfiguration;
			buildSettings = {
				ALWAYS_SEARCH_USER_PATHS = NO;
				CLANG_ANALYZER_NONNULL = YES;
				CLANG_ANALYZER_NUMBER_OBJECT_CONVERSION = YES_AGGRESSIVE;
				CLANG_CXX_LANGUAGE_STANDARD = "gnu++14";
				CLANG_CXX_LIBRARY = "libc++";
				CLANG_ENABLE_MODULES = YES;
				CLANG_ENABLE_OBJC_ARC = YES;
				CLANG_ENABLE_OBJC_WEAK = YES;
				CLANG_WARN_BLOCK_CAPTURE_AUTORELEASING = YES;
				CLANG_WARN_BOOL_CONVERSION = YES;
				CLANG_WARN_COMMA = YES;
				CLANG_WARN_CONSTANT_CONVERSION = YES;
				CLANG_WARN_DEPRECATED_OBJC_IMPLEMENTATIONS = YES;
				CLANG_WARN_DIRECT_OBJC_ISA_USAGE = YES_ERROR;
				CLANG_WARN_DOCUMENTATION_COMMENTS = YES;
				CLANG_WARN_EMPTY_BODY = YES;
				CLANG_WARN_ENUM_CONVERSION = YES;
				CLANG_WARN_INFINITE_RECURSION = YES;
				CLANG_WARN_INT_CONVERSION = YES;
				CLANG_WARN_NON_LITERAL_NULL_CONVERSION = YES;
				CLANG_WARN_OBJC_IMPLICIT_RETAIN_SELF = YES;
				CLANG_WARN_OBJC_LITERAL_CONVERSION = YES;
				CLANG_WARN_OBJC_ROOT_CLASS = YES_ERROR;
				CLANG_WARN_QUOTED_INCLUDE_IN_FRAMEWORK_HEADER = YES;
				CLANG_WARN_RANGE_LOOP_ANALYSIS = YES;
				CLANG_WARN_STRICT_PROTOTYPES = YES;
				CLANG_WARN_SUSPICIOUS_MOVE = YES;
				CLANG_WARN_UNGUARDED_AVAILABILITY = YES_AGGRESSIVE;
				CLANG_WARN_UNREACHABLE_CODE = YES;
				CLANG_WARN__DUPLICATE_METHOD_MATCH = YES;
				COPY_PHASE_STRIP = NO;
				DEBUG_INFORMATION_FORMAT = dwarf;
				ENABLE_STRICT_OBJC_MSGSEND = YES;
				ENABLE_TESTABILITY = YES;
				GCC_C_LANGUAGE_STANDARD = gnu11;
				GCC_DYNAMIC_NO_PIC = NO;
				GCC_NO_COMMON_BLOCKS = YES;
				GCC_OPTIMIZATION_LEVEL = 0;
				GCC_PREPROCESSOR_DEFINITIONS = (
					"DEBUG=1",
					"$(inherited)",
				);
				GCC_WARN_64_TO_32_BIT_CONVERSION = YES;
				GCC_WARN_ABOUT_RETURN_TYPE = YES_ERROR;
				GCC_WARN_UNDECLARED_SELECTOR = YES;
				GCC_WARN_UNINITIALIZED_AUTOS = YES_AGGRESSIVE;
				GCC_WARN_UNUSED_FUNCTION = YES;
				GCC_WARN_UNUSED_VARIABLE = YES;
				IPHONEOS_DEPLOYMENT_TARGET = 14.0;
				MTL_ENABLE_DEBUG_INFO = INCLUDE_SOURCE;
				MTL_FAST_MATH = YES;
				ONLY_ACTIVE_ARCH = YES;
				SDKROOT = iphoneos;
				SWIFT_ACTIVE_COMPILATION_CONDITIONS = DEBUG;
				SWIFT_OPTIMIZATION_LEVEL = "-Onone";
			};
			name = Debug;
		};
		657A8D452506AE4E006B2BD0 /* Release */ = {
			isa = XCBuildConfiguration;
			buildSettings = {
				ALWAYS_SEARCH_USER_PATHS = NO;
				CLANG_ANALYZER_NONNULL = YES;
				CLANG_ANALYZER_NUMBER_OBJECT_CONVERSION = YES_AGGRESSIVE;
				CLANG_CXX_LANGUAGE_STANDARD = "gnu++14";
				CLANG_CXX_LIBRARY = "libc++";
				CLANG_ENABLE_MODULES = YES;
				CLANG_ENABLE_OBJC_ARC = YES;
				CLANG_ENABLE_OBJC_WEAK = YES;
				CLANG_WARN_BLOCK_CAPTURE_AUTORELEASING = YES;
				CLANG_WARN_BOOL_CONVERSION = YES;
				CLANG_WARN_COMMA = YES;
				CLANG_WARN_CONSTANT_CONVERSION = YES;
				CLANG_WARN_DEPRECATED_OBJC_IMPLEMENTATIONS = YES;
				CLANG_WARN_DIRECT_OBJC_ISA_USAGE = YES_ERROR;
				CLANG_WARN_DOCUMENTATION_COMMENTS = YES;
				CLANG_WARN_EMPTY_BODY = YES;
				CLANG_WARN_ENUM_CONVERSION = YES;
				CLANG_WARN_INFINITE_RECURSION = YES;
				CLANG_WARN_INT_CONVERSION = YES;
				CLANG_WARN_NON_LITERAL_NULL_CONVERSION = YES;
				CLANG_WARN_OBJC_IMPLICIT_RETAIN_SELF = YES;
				CLANG_WARN_OBJC_LITERAL_CONVERSION = YES;
				CLANG_WARN_OBJC_ROOT_CLASS = YES_ERROR;
				CLANG_WARN_QUOTED_INCLUDE_IN_FRAMEWORK_HEADER = YES;
				CLANG_WARN_RANGE_LOOP_ANALYSIS = YES;
				CLANG_WARN_STRICT_PROTOTYPES = YES;
				CLANG_WARN_SUSPICIOUS_MOVE = YES;
				CLANG_WARN_UNGUARDED_AVAILABILITY = YES_AGGRESSIVE;
				CLANG_WARN_UNREACHABLE_CODE = YES;
				CLANG_WARN__DUPLICATE_METHOD_MATCH = YES;
				COPY_PHASE_STRIP = NO;
				DEBUG_INFORMATION_FORMAT = "dwarf-with-dsym";
				ENABLE_NS_ASSERTIONS = NO;
				ENABLE_STRICT_OBJC_MSGSEND = YES;
				GCC_C_LANGUAGE_STANDARD = gnu11;
				GCC_NO_COMMON_BLOCKS = YES;
				GCC_WARN_64_TO_32_BIT_CONVERSION = YES;
				GCC_WARN_ABOUT_RETURN_TYPE = YES_ERROR;
				GCC_WARN_UNDECLARED_SELECTOR = YES;
				GCC_WARN_UNINITIALIZED_AUTOS = YES_AGGRESSIVE;
				GCC_WARN_UNUSED_FUNCTION = YES;
				GCC_WARN_UNUSED_VARIABLE = YES;
				IPHONEOS_DEPLOYMENT_TARGET = 14.0;
				MTL_ENABLE_DEBUG_INFO = NO;
				MTL_FAST_MATH = YES;
				SDKROOT = iphoneos;
				SWIFT_COMPILATION_MODE = wholemodule;
				SWIFT_OPTIMIZATION_LEVEL = "-O";
				VALIDATE_PRODUCT = YES;
			};
			name = Release;
		};
		657A8D472506AE4E006B2BD0 /* Debug */ = {
			isa = XCBuildConfiguration;
			baseConfigurationReference = 47E5A8D95641E141F34489A4 /* Pods-Classic.debug.xcconfig */;
			buildSettings = {
				ASSETCATALOG_COMPILER_APPICON_NAME = AppIcon;
				CLANG_ENABLE_MODULES = YES;
				CODE_SIGN_ENTITLEMENTS = Classic/Classic.entitlements;
				CODE_SIGN_STYLE = Automatic;
				CURRENT_PROJECT_VERSION = 10;
				DEVELOPMENT_TEAM = 648XC4D3FH;
				INFOPLIST_FILE = Classic/Info.plist;
				IPHONEOS_DEPLOYMENT_TARGET = 10.3;
				LD_RUNPATH_SEARCH_PATHS = (
					"$(inherited)",
					"@executable_path/Frameworks",
				);
				PRODUCT_BUNDLE_IDENTIFIER = com.midnitesolar.Classic;
				PRODUCT_NAME = "Classic Monitor";
				SUPPORTS_MACCATALYST = YES;
				SWIFT_OBJC_BRIDGING_HEADER = "Classic/ModBusLibs/Classic-Bridging-Header.h";
				SWIFT_OPTIMIZATION_LEVEL = "-Onone";
				SWIFT_VERSION = 5.0;
				TARGETED_DEVICE_FAMILY = "1,2";
			};
			name = Debug;
		};
		657A8D482506AE4E006B2BD0 /* Release */ = {
			isa = XCBuildConfiguration;
			baseConfigurationReference = FF6CFEDBAC207EAB6F59AD3B /* Pods-Classic.release.xcconfig */;
			buildSettings = {
				ASSETCATALOG_COMPILER_APPICON_NAME = AppIcon;
				CLANG_ENABLE_MODULES = YES;
				CODE_SIGN_ENTITLEMENTS = Classic/Classic.entitlements;
				CODE_SIGN_STYLE = Automatic;
				CURRENT_PROJECT_VERSION = 10;
				DEVELOPMENT_TEAM = 648XC4D3FH;
				INFOPLIST_FILE = Classic/Info.plist;
				IPHONEOS_DEPLOYMENT_TARGET = 10.3;
				LD_RUNPATH_SEARCH_PATHS = (
					"$(inherited)",
					"@executable_path/Frameworks",
				);
				PRODUCT_BUNDLE_IDENTIFIER = com.midnitesolar.Classic;
				PRODUCT_NAME = "Classic Monitor";
				SUPPORTS_MACCATALYST = YES;
				SWIFT_OBJC_BRIDGING_HEADER = "Classic/ModBusLibs/Classic-Bridging-Header.h";
				SWIFT_VERSION = 5.0;
				TARGETED_DEVICE_FAMILY = "1,2";
			};
			name = Release;
		};
/* End XCBuildConfiguration section */

/* Begin XCConfigurationList section */
		657A8D2D2506AE4B006B2BD0 /* Build configuration list for PBXProject "Classic" */ = {
			isa = XCConfigurationList;
			buildConfigurations = (
				657A8D442506AE4E006B2BD0 /* Debug */,
				657A8D452506AE4E006B2BD0 /* Release */,
			);
			defaultConfigurationIsVisible = 0;
			defaultConfigurationName = Release;
		};
		657A8D462506AE4E006B2BD0 /* Build configuration list for PBXNativeTarget "Classic" */ = {
			isa = XCConfigurationList;
			buildConfigurations = (
				657A8D472506AE4E006B2BD0 /* Debug */,
				657A8D482506AE4E006B2BD0 /* Release */,
			);
			defaultConfigurationIsVisible = 0;
			defaultConfigurationName = Release;
		};
/* End XCConfigurationList section */

/* Begin XCVersionGroup section */
		65A3887C2512A45B00379D78 /* ClassicData.xcdatamodeld */ = {
			isa = XCVersionGroup;
			children = (
				65A3887D2512A45B00379D78 /* ClassicData.xcdatamodel */,
			);
			currentVersion = 65A3887D2512A45B00379D78 /* ClassicData.xcdatamodel */;
			path = ClassicData.xcdatamodeld;
			sourceTree = "<group>";
			versionGroupType = wrapper.xcdatamodel;
		};
/* End XCVersionGroup section */
	};
	rootObject = 657A8D2A2506AE4B006B2BD0 /* Project object */;
}
